PODS:
  - Analytics (3.6.5)
  - Expecta (1.0.6)
  - OCHamcrest (7.0.1)
  - OCMockito (5.0.0):
    - OCHamcrest (~> 7.0)
  - OptimizelySDKCore (2.1.1)
  - OptimizelySDKDatafileManager (2.1.1):
    - OptimizelySDKShared (= 2.1.1)
  - OptimizelySDKEventDispatcher (2.1.1):
    - OptimizelySDKShared (= 2.1.1)
  - OptimizelySDKiOS (2.1.1):
    - OptimizelySDKDatafileManager (= 2.1.1)
    - OptimizelySDKEventDispatcher (= 2.1.1)
    - OptimizelySDKUserProfileService (= 2.1.1)
  - OptimizelySDKShared (2.1.1):
    - OptimizelySDKCore (= 2.1.1)
  - OptimizelySDKUserProfileService (2.1.1):
    - OptimizelySDKShared (= 2.1.1)
  - Segment-Optimizely-X (2.0.0-beta):
    - Analytics (~> 3.0)
    - OptimizelySDKiOS (~> 2.0)
  - Specta (1.0.6)

DEPENDENCIES:
  - Expecta
  - OCHamcrest
  - OCMockito
  - Segment-Optimizely-X (from `../`)
  - Specta

SPEC REPOS:
  https://github.com/cocoapods/specs.git:
    - Analytics
    - Expecta
    - OCHamcrest
    - OCMockito
    - OptimizelySDKCore
    - OptimizelySDKDatafileManager
    - OptimizelySDKEventDispatcher
    - OptimizelySDKiOS
    - OptimizelySDKShared
    - OptimizelySDKUserProfileService
    - Specta

EXTERNAL SOURCES:
  Segment-Optimizely-X:
    :path: "../"

SPEC CHECKSUMS:
  Analytics: b5a00091820acae975d3281ae73980ab6ae26fae
  Expecta: 3b6bd90a64b9a1dcb0b70aa0e10a7f8f631667d5
  OCHamcrest: 7c2229e7ea96eecd6e43dbef7c68e1dfbd6928b8
  OCMockito: 2598f5d43f6e74964d3ec3b9dea8b4fde3ea2c43
  OptimizelySDKCore: 5899f185c30e06761cd36139543bb80388a1d990
  OptimizelySDKDatafileManager: c5fb3e0a10a44cde48b053e6e992d37e0ab415fa
  OptimizelySDKEventDispatcher: 70145a8318bb7f0416d44f4328327ca065de5855
  OptimizelySDKiOS: c22dd94caca9de88db4df8a8c6a8ae24a7cb09ea
  OptimizelySDKShared: fabc956e6801d78255db2d408cb2c0df9e8d894a
  OptimizelySDKUserProfileService: ec03e02d0f97cb4da60a771c1d19c41181c1cc02
  Segment-Optimizely-X: b046c61bac56bb328352399ac42d0c851a18db59
  Specta: f506f3a8361de16bc0dcf3b17b75e269072ba465

PODFILE CHECKSUM: 288099cfc5fbaa40a29377a3c94a5498a275e15f

COCOAPODS: 1.5.3
